
Microsoft Visual Studio Solution File, Format Version 9.00
# Visual Studio 2005
Project("{8BC9CEB8-8B4A-11D0-8D11-00A0C91BC942}") = "event_center_unitest", "event_center_unitest.vcproj", "{4157411C-CCAD-4A2E-95C2-2B849DCB96DD}"
EndProject
Global
	GlobalSection(SolutionConfigurationPlatforms) = preSolution
		Debug|Win32 = Debug|Win32
		Release|Win32 = Release|Win32
	EndGlobalSection
	GlobalSection(ProjectConfigurationPlatforms) = postSolution
		{4157411C-CCAD-4A2E-95C2-2B849DCB96DD}.Debug|Win32.ActiveCfg = Debug|Win32
		{4157411C-CCAD-4A2E-95C2-2B849DCB96DD}.Debug|Win32.Build.0 = Debug|Win32
		{4157411C-CCAD-4A2E-95C2-2B849DCB96DD}.Release|Win32.ActiveCfg = Release|Win32
		{4157411C-CCAD-4A2E-95C2-2B849DCB96DD}.Release|Win32.Build.0 = Release|Win32
	EndGlobalSection
	GlobalSection(SolutionProperties) = preSolution
		HideSolutionNode = FALSE
	EndGlobalSection
EndGlobal
