
Microsoft Visual Studio Solution File, Format Version 9.00
# Visual Studio 2005
Project("{8BC9CEB8-8B4A-11D0-8D11-00A0C91BC942}") = "media_center_client_unitest", "media_center_client_unitest.vcproj", "{04F56535-889F-4C60-99B6-32D3A6E8777D}"
EndProject
Global
	GlobalSection(SolutionConfigurationPlatforms) = preSolution
		Debug|Win32 = Debug|Win32
		Release|Win32 = Release|Win32
	EndGlobalSection
	GlobalSection(ProjectConfigurationPlatforms) = postSolution
		{04F56535-889F-4C60-99B6-32D3A6E8777D}.Debug|Win32.ActiveCfg = Debug|Win32
		{04F56535-889F-4C60-99B6-32D3A6E8777D}.Debug|Win32.Build.0 = Debug|Win32
		{04F56535-889F-4C60-99B6-32D3A6E8777D}.Release|Win32.ActiveCfg = Release|Win32
		{04F56535-889F-4C60-99B6-32D3A6E8777D}.Release|Win32.Build.0 = Release|Win32
	EndGlobalSection
	GlobalSection(SolutionProperties) = preSolution
		HideSolutionNode = FALSE
	EndGlobalSection
EndGlobal
